
Microsoft Visual Studio Solution File, Format Version 12.00
# Visual Studio Version 16
VisualStudioVersion = 16.0.29609.76
MinimumVisualStudioVersion = 10.0.40219.1
Project("{FAE04EC0-301F-11D3-BF4B-00C04F79EFBC}") = "PomodoroTimerUWP", "PomodoroTimerUWP\PomodoroTimerUWP.csproj", "{B6E45FF0-3646-4565-8677-2EC598B22AE0}"
EndProject
Project("{FAE04EC0-301F-11D3-BF4B-00C04F79EFBC}") = "PomodoroTimerUWPLite", "PomodoroTimerUWPLite\PomodoroTimerUWPLite.csproj", "{5543C12F-0861-4ECF-AAFC-FCE7B2077797}"
EndProject
Project("{FAE04EC0-301F-11D3-BF4B-00C04F79EFBC}") = "PomoLibrary", "PomoLibrary\PomoLibrary.csproj", "{C0379C0F-390F-489F-8617-DFAD89879052}"
EndProject
Global
	GlobalSection(SolutionConfigurationPlatforms) = preSolution
		Debug|Any CPU = Debug|Any CPU
		Debug|ARM = Debug|ARM
		Debug|ARM64 = Debug|ARM64
		Debug|x64 = Debug|x64
		Debug|x86 = Debug|x86
		Release|Any CPU = Release|Any CPU
		Release|ARM = Release|ARM
		Release|ARM64 = Release|ARM64
		Release|x64 = Release|x64
		Release|x86 = Release|x86
	EndGlobalSection
	GlobalSection(ProjectConfigurationPlatforms) = postSolution
		{B6E45FF0-3646-4565-8677-2EC598B22AE0}.Debug|Any CPU.ActiveCfg = Debug|x86
		{B6E45FF0-3646-4565-8677-2EC598B22AE0}.Debug|ARM.ActiveCfg = Debug|ARM
		{B6E45FF0-3646-4565-8677-2EC598B22AE0}.Debug|ARM.Build.0 = Debug|ARM
		{B6E45FF0-3646-4565-8677-2EC598B22AE0}.Debug|ARM.Deploy.0 = Debug|ARM
		{B6E45FF0-3646-4565-8677-2EC598B22AE0}.Debug|ARM64.ActiveCfg = Debug|ARM64
		{B6E45FF0-3646-4565-8677-2EC598B22AE0}.Debug|ARM64.Build.0 = Debug|ARM64
		{B6E45FF0-3646-4565-8677-2EC598B22AE0}.Debug|ARM64.Deploy.0 = Debug|ARM64
		{B6E45FF0-3646-4565-8677-2EC598B22AE0}.Debug|x64.ActiveCfg = Debug|x64
		{B6E45FF0-3646-4565-8677-2EC598B22AE0}.Debug|x64.Build.0 = Debug|x64
		{B6E45FF0-3646-4565-8677-2EC598B22AE0}.Debug|x64.Deploy.0 = Debug|x64
		{B6E45FF0-3646-4565-8677-2EC598B22AE0}.Debug|x86.ActiveCfg = Debug|x86
		{B6E45FF0-3646-4565-8677-2EC598B22AE0}.Debug|x86.Build.0 = Debug|x86
		{B6E45FF0-3646-4565-8677-2EC598B22AE0}.Debug|x86.Deploy.0 = Debug|x86
		{B6E45FF0-3646-4565-8677-2EC598B22AE0}.Release|Any CPU.ActiveCfg = Release|x86
		{B6E45FF0-3646-4565-8677-2EC598B22AE0}.Release|ARM.ActiveCfg = Release|ARM
		{B6E45FF0-3646-4565-8677-2EC598B22AE0}.Release|ARM.Build.0 = Release|ARM
		{B6E45FF0-3646-4565-8677-2EC598B22AE0}.Release|ARM.Deploy.0 = Release|ARM
		{B6E45FF0-3646-4565-8677-2EC598B22AE0}.Release|ARM64.ActiveCfg = Release|ARM64
		{B6E45FF0-3646-4565-8677-2EC598B22AE0}.Release|ARM64.Build.0 = Release|ARM64
		{B6E45FF0-3646-4565-8677-2EC598B22AE0}.Release|ARM64.Deploy.0 = Release|ARM64
		{B6E45FF0-3646-4565-8677-2EC598B22AE0}.Release|x64.ActiveCfg = Release|x64
		{B6E45FF0-3646-4565-8677-2EC598B22AE0}.Release|x64.Build.0 = Release|x64
		{B6E45FF0-3646-4565-8677-2EC598B22AE0}.Release|x64.Deploy.0 = Release|x64
		{B6E45FF0-3646-4565-8677-2EC598B22AE0}.Release|x86.ActiveCfg = Release|x86
		{B6E45FF0-3646-4565-8677-2EC598B22AE0}.Release|x86.Build.0 = Release|x86
		{B6E45FF0-3646-4565-8677-2EC598B22AE0}.Release|x86.Deploy.0 = Release|x86
		{5543C12F-0861-4ECF-AAFC-FCE7B2077797}.Debug|Any CPU.ActiveCfg = Debug|x86
		{5543C12F-0861-4ECF-AAFC-FCE7B2077797}.Debug|ARM.ActiveCfg = Debug|ARM
		{5543C12F-0861-4ECF-AAFC-FCE7B2077797}.Debug|ARM.Build.0 = Debug|ARM
		{5543C12F-0861-4ECF-AAFC-FCE7B2077797}.Debug|ARM.Deploy.0 = Debug|ARM
		{5543C12F-0861-4ECF-AAFC-FCE7B2077797}.Debug|ARM64.ActiveCfg = Debug|ARM64
		{5543C12F-0861-4ECF-AAFC-FCE7B2077797}.Debug|ARM64.Build.0 = Debug|ARM64
		{5543C12F-0861-4ECF-AAFC-FCE7B2077797}.Debug|ARM64.Deploy.0 = Debug|ARM64
		{5543C12F-0861-4ECF-AAFC-FCE7B2077797}.Debug|x64.ActiveCfg = Debug|x64
		{5543C12F-0861-4ECF-AAFC-FCE7B2077797}.Debug|x64.Build.0 = Debug|x64
		{5543C12F-0861-4ECF-AAFC-FCE7B2077797}.Debug|x64.Deploy.0 = Debug|x64
		{5543C12F-0861-4ECF-AAFC-FCE7B2077797}.Debug|x86.ActiveCfg = Debug|x86
		{5543C12F-0861-4ECF-AAFC-FCE7B2077797}.Debug|x86.Build.0 = Debug|x86
		{5543C12F-0861-4ECF-AAFC-FCE7B2077797}.Debug|x86.Deploy.0 = Debug|x86
		{5543C12F-0861-4ECF-AAFC-FCE7B2077797}.Release|Any CPU.ActiveCfg = Release|x86
		{5543C12F-0861-4ECF-AAFC-FCE7B2077797}.Release|ARM.ActiveCfg = Release|ARM
		{5543C12F-0861-4ECF-AAFC-FCE7B2077797}.Release|ARM.Build.0 = Release|ARM
		{5543C12F-0861-4ECF-AAFC-FCE7B2077797}.Release|ARM.Deploy.0 = Release|ARM
		{5543C12F-0861-4ECF-AAFC-FCE7B2077797}.Release|ARM64.ActiveCfg = Release|ARM64
		{5543C12F-0861-4ECF-AAFC-FCE7B2077797}.Release|ARM64.Build.0 = Release|ARM64
		{5543C12F-0861-4ECF-AAFC-FCE7B2077797}.Release|ARM64.Deploy.0 = Release|ARM64
		{5543C12F-0861-4ECF-AAFC-FCE7B2077797}.Release|x64.ActiveCfg = Release|x64
		{5543C12F-0861-4ECF-AAFC-FCE7B2077797}.Release|x64.Build.0 = Release|x64
		{5543C12F-0861-4ECF-AAFC-FCE7B2077797}.Release|x64.Deploy.0 = Release|x64
		{5543C12F-0861-4ECF-AAFC-FCE7B2077797}.Release|x86.ActiveCfg = Release|x86
		{5543C12F-0861-4ECF-AAFC-FCE7B2077797}.Release|x86.Build.0 = Release|x86
		{5543C12F-0861-4ECF-AAFC-FCE7B2077797}.Release|x86.Deploy.0 = Release|x86
		{C0379C0F-390F-489F-8617-DFAD89879052}.Debug|Any CPU.ActiveCfg = Debug|Any CPU
		{C0379C0F-390F-489F-8617-DFAD89879052}.Debug|Any CPU.Build.0 = Debug|Any CPU
		{C0379C0F-390F-489F-8617-DFAD89879052}.Debug|ARM.ActiveCfg = Debug|ARM
		{C0379C0F-390F-489F-8617-DFAD89879052}.Debug|ARM.Build.0 = Debug|ARM
		{C0379C0F-390F-489F-8617-DFAD89879052}.Debug|ARM64.ActiveCfg = Debug|ARM64
		{C0379C0F-390F-489F-8617-DFAD89879052}.Debug|ARM64.Build.0 = Debug|ARM64
		{C0379C0F-390F-489F-8617-DFAD89879052}.Debug|x64.ActiveCfg = Debug|x64
		{C0379C0F-390F-489F-8617-DFAD89879052}.Debug|x64.Build.0 = Debug|x64
		{C0379C0F-390F-489F-8617-DFAD89879052}.Debug|x86.ActiveCfg = Debug|x86
		{C0379C0F-390F-489F-8617-DFAD89879052}.Debug|x86.Build.0 = Debug|x86
		{C0379C0F-390F-489F-8617-DFAD89879052}.Release|Any CPU.ActiveCfg = Release|Any CPU
		{C0379C0F-390F-489F-8617-DFAD89879052}.Release|Any CPU.Build.0 = Release|Any CPU
		{C0379C0F-390F-489F-8617-DFAD89879052}.Release|ARM.ActiveCfg = Release|ARM
		{C0379C0F-390F-489F-8617-DFAD89879052}.Release|ARM.Build.0 = Release|ARM
		{C0379C0F-390F-489F-8617-DFAD89879052}.Release|ARM64.ActiveCfg = Release|ARM64
		{C0379C0F-390F-489F-8617-DFAD89879052}.Release|ARM64.Build.0 = Release|ARM64
		{C0379C0F-390F-489F-8617-DFAD89879052}.Release|x64.ActiveCfg = Release|x64
		{C0379C0F-390F-489F-8617-DFAD89879052}.Release|x64.Build.0 = Release|x64
		{C0379C0F-390F-489F-8617-DFAD89879052}.Release|x86.ActiveCfg = Release|x86
		{C0379C0F-390F-489F-8617-DFAD89879052}.Release|x86.Build.0 = Release|x86
	EndGlobalSection
	GlobalSection(SolutionProperties) = preSolution
		HideSolutionNode = FALSE
	EndGlobalSection
	GlobalSection(ExtensibilityGlobals) = postSolution
		SolutionGuid = {554000C1-FBFF-415F-8FEF-481F9DA0FC14}
	EndGlobalSection
EndGlobal
